// !$*UTF8*$!
{
	archiveVersion = 1;
	classes = {
	};
	objectVersion = 50;
	objects = {

/* Begin PBXBuildFile section */
		F1B2A6A02154354E00B29F5E /* AppDelegate.swift in Sources */ = {isa = PBXBuildFile; fileRef = F1B2A69F2154354E00B29F5E /* AppDelegate.swift */; };
		F1B2A6A52154354E00B29F5E /* Main.storyboard in Resources */ = {isa = PBXBuildFile; fileRef = F1B2A6A32154354E00B29F5E /* Main.storyboard */; };
		F1B2A6A72154354F00B29F5E /* Assets.xcassets in Resources */ = {isa = PBXBuildFile; fileRef = F1B2A6A62154354F00B29F5E /* Assets.xcassets */; };
		F1B2A6AA2154354F00B29F5E /* LaunchScreen.storyboard in Resources */ = {isa = PBXBuildFile; fileRef = F1B2A6A82154354F00B29F5E /* LaunchScreen.storyboard */; };
		F1B2A6B721543A4400B29F5E /* EntriesTableViewController.swift in Sources */ = {isa = PBXBuildFile; fileRef = F1B2A6B621543A4400B29F5E /* EntriesTableViewController.swift */; };
		F1B2A6B921543B6B00B29F5E /* EntryTableViewCell.swift in Sources */ = {isa = PBXBuildFile; fileRef = F1B2A6B821543B6B00B29F5E /* EntryTableViewCell.swift */; };
		F1B2A6BB21543CF500B29F5E /* EntryDetailViewController.swift in Sources */ = {isa = PBXBuildFile; fileRef = F1B2A6BA21543CF500B29F5E /* EntryDetailViewController.swift */; };
		F1B2A6BD21543DCB00B29F5E /* Entry.swift in Sources */ = {isa = PBXBuildFile; fileRef = F1B2A6BC21543DCB00B29F5E /* Entry.swift */; };
/* End PBXBuildFile section */

/* Begin PBXFileReference section */
		F1B2A69C2154354E00B29F5E /* Journal.app */ = {isa = PBXFileReference; explicitFileType = wrapper.application; includeInIndex = 0; path = Journal.app; sourceTree = BUILT_PRODUCTS_DIR; };
		F1B2A69F2154354E00B29F5E /* AppDelegate.swift */ = {isa = PBXFileReference; lastKnownFileType = sourcecode.swift; path = AppDelegate.swift; sourceTree = "<group>"; };
		F1B2A6A42154354E00B29F5E /* Base */ = {isa = PBXFileReference; lastKnownFileType = file.storyboard; name = Base; path = Base.lproj/Main.storyboard; sourceTree = "<group>"; };
		F1B2A6A62154354F00B29F5E /* Assets.xcassets */ = {isa = PBXFileReference; lastKnownFileType = folder.assetcatalog; path = Assets.xcassets; sourceTree = "<group>"; };
		F1B2A6A92154354F00B29F5E /* Base */ = {isa = PBXFileReference; lastKnownFileType = file.storyboard; name = Base; path = Base.lproj/LaunchScreen.storyboard; sourceTree = "<group>"; };
		F1B2A6AB2154354F00B29F5E /* Info.plist */ = {isa = PBXFileReference; lastKnownFileType = text.plist.xml; path = Info.plist; sourceTree = "<group>"; };
		F1B2A6B621543A4400B29F5E /* EntriesTableViewController.swift */ = {isa = PBXFileReference; lastKnownFileType = sourcecode.swift; path = EntriesTableViewController.swift; sourceTree = "<group>"; };
		F1B2A6B821543B6B00B29F5E /* EntryTableViewCell.swift */ = {isa = PBXFileReference; lastKnownFileType = sourcecode.swift; path = EntryTableViewCell.swift; sourceTree = "<group>"; };
		F1B2A6BA21543CF500B29F5E /* EntryDetailViewController.swift */ = {isa = PBXFileReference; lastKnownFileType = sourcecode.swift; path = EntryDetailViewController.swift; sourceTree = "<group>"; };
		F1B2A6BC21543DCB00B29F5E /* Entry.swift */ = {isa = PBXFileReference; lastKnownFileType = sourcecode.swift; path = Entry.swift; sourceTree = "<group>"; };
/* End PBXFileReference section */

/* Begin PBXFrameworksBuildPhase section */
		F1B2A6992154354E00B29F5E /* Frameworks */ = {
			isa = PBXFrameworksBuildPhase;
			buildActionMask = 2147483647;
			files = (
			);
			runOnlyForDeploymentPostprocessing = 0;
		};
/* End PBXFrameworksBuildPhase section */

/* Begin PBXGroup section */
		F1B2A6932154354E00B29F5E = {
			isa = PBXGroup;
			children = (
				F1B2A69E2154354E00B29F5E /* Journal */,
				F1B2A69D2154354E00B29F5E /* Products */,
			);
			sourceTree = "<group>";
		};
		F1B2A69D2154354E00B29F5E /* Products */ = {
			isa = PBXGroup;
			children = (
				F1B2A69C2154354E00B29F5E /* Journal.app */,
			);
			name = Products;
			sourceTree = "<group>";
		};
		F1B2A69E2154354E00B29F5E /* Journal */ = {
			isa = PBXGroup;
			children = (
				F1B2A6B32154358100B29F5E /* Models */,
				F1B2A6B42154358900B29F5E /* Model Controlles */,
				F1B2A6B52154359200B29F5E /* View Controllers */,
				F1B2A6B22154357700B29F5E /* Storyboards */,
				F1B2A6B12154355A00B29F5E /* Resources */,
			);
			path = Journal;
			sourceTree = "<group>";
		};
		F1B2A6B12154355A00B29F5E /* Resources */ = {
			isa = PBXGroup;
			children = (
				F1B2A69F2154354E00B29F5E /* AppDelegate.swift */,
				F1B2A6AB2154354F00B29F5E /* Info.plist */,
				F1B2A6A62154354F00B29F5E /* Assets.xcassets */,
			);
			path = Resources;
			sourceTree = "<group>";
		};
		F1B2A6B22154357700B29F5E /* Storyboards */ = {
			isa = PBXGroup;
			children = (
				F1B2A6A32154354E00B29F5E /* Main.storyboard */,
				F1B2A6A82154354F00B29F5E /* LaunchScreen.storyboard */,
			);
			path = Storyboards;
			sourceTree = "<group>";
		};
		F1B2A6B32154358100B29F5E /* Models */ = {
			isa = PBXGroup;
			children = (
				F1B2A6BC21543DCB00B29F5E /* Entry.swift */,
			);
			path = Models;
			sourceTree = "<group>";
		};
		F1B2A6B42154358900B29F5E /* Model Controlles */ = {
			isa = PBXGroup;
			children = (
			);
			path = "Model Controlles";
			sourceTree = "<group>";
		};
		F1B2A6B52154359200B29F5E /* View Controllers */ = {
			isa = PBXGroup;
			children = (
				F1B2A6B621543A4400B29F5E /* EntriesTableViewController.swift */,
				F1B2A6B821543B6B00B29F5E /* EntryTableViewCell.swift */,
				F1B2A6BA21543CF500B29F5E /* EntryDetailViewController.swift */,
			);
			path = "View Controllers";
			sourceTree = "<group>";
		};
/* End PBXGroup section */

/* Begin PBXNativeTarget section */
		F1B2A69B2154354E00B29F5E /* Journal */ = {
			isa = PBXNativeTarget;
			buildConfigurationList = F1B2A6AE2154354F00B29F5E /* Build configuration list for PBXNativeTarget "Journal" */;
			buildPhases = (
				F1B2A6982154354E00B29F5E /* Sources */,
				F1B2A6992154354E00B29F5E /* Frameworks */,
				F1B2A69A2154354E00B29F5E /* Resources */,
			);
			buildRules = (
			);
			dependencies = (
			);
			name = Journal;
			productName = Journal;
			productReference = F1B2A69C2154354E00B29F5E /* Journal.app */;
			productType = "com.apple.product-type.application";
		};
/* End PBXNativeTarget section */

/* Begin PBXProject section */
		F1B2A6942154354E00B29F5E /* Project object */ = {
			isa = PBXProject;
			attributes = {
				LastSwiftUpdateCheck = 1000;
				LastUpgradeCheck = 1000;
				ORGANIZATIONNAME = "Scott Bennett";
				TargetAttributes = {
					F1B2A69B2154354E00B29F5E = {
						CreatedOnToolsVersion = 10.0;
					};
				};
			};
			buildConfigurationList = F1B2A6972154354E00B29F5E /* Build configuration list for PBXProject "Journal" */;
			compatibilityVersion = "Xcode 9.3";
			developmentRegion = en;
			hasScannedForEncodings = 0;
			knownRegions = (
				en,
				Base,
			);
			mainGroup = F1B2A6932154354E00B29F5E;
			productRefGroup = F1B2A69D2154354E00B29F5E /* Products */;
			projectDirPath = "";
			projectRoot = "";
			targets = (
				F1B2A69B2154354E00B29F5E /* Journal */,
			);
		};
/* End PBXProject section */

/* Begin PBXResourcesBuildPhase section */
		F1B2A69A2154354E00B29F5E /* Resources */ = {
			isa = PBXResourcesBuildPhase;
			buildActionMask = 2147483647;
			files = (
				F1B2A6AA2154354F00B29F5E /* LaunchScreen.storyboard in Resources */,
				F1B2A6A72154354F00B29F5E /* Assets.xcassets in Resources */,
				F1B2A6A52154354E00B29F5E /* Main.storyboard in Resources */,
			);
			runOnlyForDeploymentPostprocessing = 0;
		};
/* End PBXResourcesBuildPhase section */

/* Begin PBXSourcesBuildPhase section */
		F1B2A6982154354E00B29F5E /* Sources */ = {
			isa = PBXSourcesBuildPhase;
			buildActionMask = 2147483647;
			files = (
				F1B2A6BD21543DCB00B29F5E /* Entry.swift in Sources */,
				F1B2A6B921543B6B00B29F5E /* EntryTableViewCell.swift in Sources */,
				F1B2A6B721543A4400B29F5E /* EntriesTableViewController.swift in Sources */,
				F1B2A6BB21543CF500B29F5E /* EntryDetailViewController.swift in Sources */,
				F1B2A6A02154354E00B29F5E /* AppDelegate.swift in Sources */,
			);
			runOnlyForDeploymentPostprocessing = 0;
		};
/* End PBXSourcesBuildPhase section */

/* Begin PBXVariantGroup section */
		F1B2A6A32154354E00B29F5E /* Main.storyboard */ = {
			isa = PBXVariantGroup;
			children = (
				F1B2A6A42154354E00B29F5E /* Base */,
			);
			name = Main.storyboard;
			sourceTree = "<group>";
		};
		F1B2A6A82154354F00B29F5E /* LaunchScreen.storyboard */ = {
			isa = PBXVariantGroup;
			children = (
				F1B2A6A92154354F00B29F5E /* Base */,
			);
			name = LaunchScreen.storyboard;
			sourceTree = "<group>";
		};
/* End PBXVariantGroup section */

/* Begin XCBuildConfiguration section */
		F1B2A6AC2154354F00B29F5E /* Debug */ = {
			isa = XCBuildConfiguration;
			buildSettings = {
				ALWAYS_SEARCH_USER_PATHS = NO;
				CLANG_ANALYZER_NONNULL = YES;
				CLANG_ANALYZER_NUMBER_OBJECT_CONVERSION = YES_AGGRESSIVE;
				CLANG_CXX_LANGUAGE_STANDARD = "gnu++14";
				CLANG_CXX_LIBRARY = "libc++";
				CLANG_ENABLE_MODULES = YES;
				CLANG_ENABLE_OBJC_ARC = YES;
				CLANG_ENABLE_OBJC_WEAK = YES;
				CLANG_WARN_BLOCK_CAPTURE_AUTORELEASING = YES;
				CLANG_WARN_BOOL_CONVERSION = YES;
				CLANG_WARN_COMMA = YES;
				CLANG_WARN_CONSTANT_CONVERSION = YES;
				CLANG_WARN_DEPRECATED_OBJC_IMPLEMENTATIONS = YES;
				CLANG_WARN_DIRECT_OBJC_ISA_USAGE = YES_ERROR;
				CLANG_WARN_DOCUMENTATION_COMMENTS = YES;
				CLANG_WARN_EMPTY_BODY = YES;
				CLANG_WARN_ENUM_CONVERSION = YES;
				CLANG_WARN_INFINITE_RECURSION = YES;
				CLANG_WARN_INT_CONVERSION = YES;
				CLANG_WARN_NON_LITERAL_NULL_CONVERSION = YES;
				CLANG_WARN_OBJC_IMPLICIT_RETAIN_SELF = YES;
				CLANG_WARN_OBJC_LITERAL_CONVERSION = YES;
				CLANG_WARN_OBJC_ROOT_CLASS = YES_ERROR;
				CLANG_WARN_RANGE_LOOP_ANALYSIS = YES;
				CLANG_WARN_STRICT_PROTOTYPES = YES;
				CLANG_WARN_SUSPICIOUS_MOVE = YES;
				CLANG_WARN_UNGUARDED_AVAILABILITY = YES_AGGRESSIVE;
				CLANG_WARN_UNREACHABLE_CODE = YES;
				CLANG_WARN__DUPLICATE_METHOD_MATCH = YES;
				CODE_SIGN_IDENTITY = "iPhone Developer";
				COPY_PHASE_STRIP = NO;
				DEBUG_INFORMATION_FORMAT = dwarf;
				ENABLE_STRICT_OBJC_MSGSEND = YES;
				ENABLE_TESTABILITY = YES;
				GCC_C_LANGUAGE_STANDARD = gnu11;
				GCC_DYNAMIC_NO_PIC = NO;
				GCC_NO_COMMON_BLOCKS = YES;
				GCC_OPTIMIZATION_LEVEL = 0;
				GCC_PREPROCESSOR_DEFINITIONS = (
					"DEBUG=1",
					"$(inherited)",
				);
				GCC_WARN_64_TO_32_BIT_CONVERSION = YES;
				GCC_WARN_ABOUT_RETURN_TYPE = YES_ERROR;
				GCC_WARN_UNDECLARED_SELECTOR = YES;
				GCC_WARN_UNINITIALIZED_AUTOS = YES_AGGRESSIVE;
				GCC_WARN_UNUSED_FUNCTION = YES;
				GCC_WARN_UNUSED_VARIABLE = YES;
				IPHONEOS_DEPLOYMENT_TARGET = 12.0;
				MTL_ENABLE_DEBUG_INFO = INCLUDE_SOURCE;
				MTL_FAST_MATH = YES;
				ONLY_ACTIVE_ARCH = YES;
				SDKROOT = iphoneos;
				SWIFT_ACTIVE_COMPILATION_CONDITIONS = DEBUG;
				SWIFT_OPTIMIZATION_LEVEL = "-Onone";
			};
			name = Debug;
		};
		F1B2A6AD2154354F00B29F5E /* Release */ = {
			isa = XCBuildConfiguration;
			buildSettings = {
				ALWAYS_SEARCH_USER_PATHS = NO;
				CLANG_ANALYZER_NONNULL = YES;
				CLANG_ANALYZER_NUMBER_OBJECT_CONVERSION = YES_AGGRESSIVE;
				CLANG_CXX_LANGUAGE_STANDARD = "gnu++14";
				CLANG_CXX_LIBRARY = "libc++";
				CLANG_ENABLE_MODULES = YES;
				CLANG_ENABLE_OBJC_ARC = YES;
				CLANG_ENABLE_OBJC_WEAK = YES;
				CLANG_WARN_BLOCK_CAPTURE_AUTORELEASING = YES;
				CLANG_WARN_BOOL_CONVERSION = YES;
				CLANG_WARN_COMMA = YES;
				CLANG_WARN_CONSTANT_CONVERSION = YES;
				CLANG_WARN_DEPRECATED_OBJC_IMPLEMENTATIONS = YES;
				CLANG_WARN_DIRECT_OBJC_ISA_USAGE = YES_ERROR;
				CLANG_WARN_DOCUMENTATION_COMMENTS = YES;
				CLANG_WARN_EMPTY_BODY = YES;
				CLANG_WARN_ENUM_CONVERSION = YES;
				CLANG_WARN_INFINITE_RECURSION = YES;
				CLANG_WARN_INT_CONVERSION = YES;
				CLANG_WARN_NON_LITERAL_NULL_CONVERSION = YES;
				CLANG_WARN_OBJC_IMPLICIT_RETAIN_SELF = YES;
				CLANG_WARN_OBJC_LITERAL_CONVERSION = YES;
				CLANG_WARN_OBJC_ROOT_CLASS = YES_ERROR;
				CLANG_WARN_RANGE_LOOP_ANALYSIS = YES;
				CLANG_WARN_STRICT_PROTOTYPES = YES;
				CLANG_WARN_SUSPICIOUS_MOVE = YES;
				CLANG_WARN_UNGUARDED_AVAILABILITY = YES_AGGRESSIVE;
				CLANG_WARN_UNREACHABLE_CODE = YES;
				CLANG_WARN__DUPLICATE_METHOD_MATCH = YES;
				CODE_SIGN_IDENTITY = "iPhone Developer";
				COPY_PHASE_STRIP = NO;
				DEBUG_INFORMATION_FORMAT = "dwarf-with-dsym";
				ENABLE_NS_ASSERTIONS = NO;
				ENABLE_STRICT_OBJC_MSGSEND = YES;
				GCC_C_LANGUAGE_STANDARD = gnu11;
				GCC_NO_COMMON_BLOCKS = YES;
				GCC_WARN_64_TO_32_BIT_CONVERSION = YES;
				GCC_WARN_ABOUT_RETURN_TYPE = YES_ERROR;
				GCC_WARN_UNDECLARED_SELECTOR = YES;
				GCC_WARN_UNINITIALIZED_AUTOS = YES_AGGRESSIVE;
				GCC_WARN_UNUSED_FUNCTION = YES;
				GCC_WARN_UNUSED_VARIABLE = YES;
				IPHONEOS_DEPLOYMENT_TARGET = 12.0;
				MTL_ENABLE_DEBUG_INFO = NO;
				MTL_FAST_MATH = YES;
				SDKROOT = iphoneos;
				SWIFT_COMPILATION_MODE = wholemodule;
				SWIFT_OPTIMIZATION_LEVEL = "-O";
				VALIDATE_PRODUCT = YES;
			};
			name = Release;
		};
		F1B2A6AF2154354F00B29F5E /* Debug */ = {
			isa = XCBuildConfiguration;
			buildSettings = {
				ASSETCATALOG_COMPILER_APPICON_NAME = AppIcon;
				CODE_SIGN_STYLE = Automatic;
				DEVELOPMENT_TEAM = 5KBWP959TD;
				INFOPLIST_FILE = "$(SRCROOT)/Journal/Resources/Info.plist";
				LD_RUNPATH_SEARCH_PATHS = (
					"$(inherited)",
					"@executable_path/Frameworks",
				);
				PRODUCT_BUNDLE_IDENTIFIER = com.expertservices.Journal;
				PRODUCT_NAME = "$(TARGET_NAME)";
				SWIFT_VERSION = 4.2;
				TARGETED_DEVICE_FAMILY = "1,2";
			};
			name = Debug;
		};
		F1B2A6B02154354F00B29F5E /* Release */ = {
			isa = XCBuildConfiguration;
			buildSettings = {
				ASSETCATALOG_COMPILER_APPICON_NAME = AppIcon;
				CODE_SIGN_STYLE = Automatic;
				DEVELOPMENT_TEAM = 5KBWP959TD;
				INFOPLIST_FILE = "$(SRCROOT)/Journal/Resources/Info.plist";
				LD_RUNPATH_SEARCH_PATHS = (
					"$(inherited)",
					"@executable_path/Frameworks",
				);
				PRODUCT_BUNDLE_IDENTIFIER = com.expertservices.Journal;
				PRODUCT_NAME = "$(TARGET_NAME)";
				SWIFT_VERSION = 4.2;
				TARGETED_DEVICE_FAMILY = "1,2";
			};
			name = Release;
		};
/* End XCBuildConfiguration section */

/* Begin XCConfigurationList section */
		F1B2A6972154354E00B29F5E /* Build configuration list for PBXProject "Journal" */ = {
			isa = XCConfigurationList;
			buildConfigurations = (
				F1B2A6AC2154354F00B29F5E /* Debug */,
				F1B2A6AD2154354F00B29F5E /* Release */,
			);
			defaultConfigurationIsVisible = 0;
			defaultConfigurationName = Release;
		};
		F1B2A6AE2154354F00B29F5E /* Build configuration list for PBXNativeTarget "Journal" */ = {
			isa = XCConfigurationList;
			buildConfigurations = (
				F1B2A6AF2154354F00B29F5E /* Debug */,
				F1B2A6B02154354F00B29F5E /* Release */,
			);
			defaultConfigurationIsVisible = 0;
			defaultConfigurationName = Release;
		};
/* End XCConfigurationList section */
	};
	rootObject = F1B2A6942154354E00B29F5E /* Project object */;
}
